
Microsoft Visual Studio Solution File, Format Version 12.00
# Visual Studio 2013
VisualStudioVersion = 12.0.31101.0
MinimumVisualStudioVersion = 10.0.40219.1
Project("{FAE04EC0-301F-11D3-BF4B-00C04F79EFBC}") = "ExcelPasswordRecovery.Core", "ExcelPasswordRecovery.Core\ExcelPasswordRecovery.Core.csproj", "{EB5645D9-8932-4623-A2C8-1C5B0FF576DE}"
EndProject
Global
	GlobalSection(SolutionConfigurationPlatforms) = preSolution
		Debug|Any CPU = Debug|Any CPU
		Release|Any CPU = Release|Any CPU
	EndGlobalSection
	GlobalSection(ProjectConfigurationPlatforms) = postSolution
		{EB5645D9-8932-4623-A2C8-1C5B0FF576DE}.Debug|Any CPU.ActiveCfg = Debug|Any CPU
		{EB5645D9-8932-4623-A2C8-1C5B0FF576DE}.Debug|Any CPU.Build.0 = Debug|Any CPU
		{EB5645D9-8932-4623-A2C8-1C5B0FF576DE}.Release|Any CPU.ActiveCfg = Release|Any CPU
		{EB5645D9-8932-4623-A2C8-1C5B0FF576DE}.Release|Any CPU.Build.0 = Release|Any CPU
	EndGlobalSection
	GlobalSection(SolutionProperties) = preSolution
		HideSolutionNode = FALSE
	EndGlobalSection
EndGlobal
